
Microsoft Visual Studio Solution File, Format Version 12.00
# Visual Studio 14
VisualStudioVersion = 14.0.25123.0
MinimumVisualStudioVersion = 10.0.40219.1
Project("{F2A71F9B-5D33-465A-A702-920D77279786}") = "NoTimeForATaxicab", "NoTimeForATaxicab.fsproj", "{DED37808-87BF-488B-B35E-F7D2EC75274B}"
EndProject
Global
	GlobalSection(SolutionConfigurationPlatforms) = preSolution
		Debug|Any CPU = Debug|Any CPU
		Release|Any CPU = Release|Any CPU
	EndGlobalSection
	GlobalSection(ProjectConfigurationPlatforms) = postSolution
		{DED37808-87BF-488B-B35E-F7D2EC75274B}.Debug|Any CPU.ActiveCfg = Debug|Any CPU
		{DED37808-87BF-488B-B35E-F7D2EC75274B}.Debug|Any CPU.Build.0 = Debug|Any CPU
		{DED37808-87BF-488B-B35E-F7D2EC75274B}.Release|Any CPU.ActiveCfg = Release|Any CPU
		{DED37808-87BF-488B-B35E-F7D2EC75274B}.Release|Any CPU.Build.0 = Release|Any CPU
	EndGlobalSection
	GlobalSection(SolutionProperties) = preSolution
		HideSolutionNode = FALSE
	EndGlobalSection
EndGlobal
